
Microsoft Visual Studio Solution File, Format Version 12.00
# Visual Studio Version 17
VisualStudioVersion = 17.5.33627.172
MinimumVisualStudioVersion = 10.0.40219.1
Project("{FAE04EC0-301F-11D3-BF4B-00C04F79EFBC}") = "k-n algorithm", "k-n algorithm.csproj", "{970AD087-0D45-412C-BF92-580D80240BC1}"
EndProject
Global
	GlobalSection(SolutionConfigurationPlatforms) = preSolution
		Debug|Any CPU = Debug|Any CPU
		Release|Any CPU = Release|Any CPU
	EndGlobalSection
	GlobalSection(ProjectConfigurationPlatforms) = postSolution
		{970AD087-0D45-412C-BF92-580D80240BC1}.Debug|Any CPU.ActiveCfg = Debug|Any CPU
		{970AD087-0D45-412C-BF92-580D80240BC1}.Debug|Any CPU.Build.0 = Debug|Any CPU
		{970AD087-0D45-412C-BF92-580D80240BC1}.Release|Any CPU.ActiveCfg = Release|Any CPU
		{970AD087-0D45-412C-BF92-580D80240BC1}.Release|Any CPU.Build.0 = Release|Any CPU
	EndGlobalSection
	GlobalSection(SolutionProperties) = preSolution
		HideSolutionNode = FALSE
	EndGlobalSection
	GlobalSection(ExtensibilityGlobals) = postSolution
		SolutionGuid = {92710979-A27A-49E3-BF34-85DE913476D9}
	EndGlobalSection
EndGlobal
